{
  "version": 4,
  "terraform_version": "1.11.1",
  "serial": 3,
  "lineage": "2d09d47b-54f0-533a-e357-161b24476b90",
  "outputs": {},
  "resources": [
    {
      "mode": "managed",
      "type": "cloudflare_record",
      "name": "acme_staging",
      "provider": "provider[\"registry.terraform.io/cloudflare/cloudflare\"]",
      "instances": [
        {
          "schema_version": 3,
          "attributes": {
            "allow_overwrite": false,
            "comment": "",
            "content": "api.staging.demoapi.biz.m219x9n.flydns.net",
            "created_on": "2025-07-13T09:16:34.596813Z",
            "data": [],
            "hostname": "_acme-challenge.api.staging.demoapi.biz",
            "id": "d570a596f762b94e23fffb84bf5926c7",
            "metadata": {},
            "modified_on": "2025-07-13T09:16:34.596813Z",
            "name": "_acme-challenge.api.staging",
            "priority": null,
            "proxiable": false,
            "proxied": false,
            "tags": null,
            "timeouts": null,
            "ttl": 120,
            "type": "TXT",
            "value": null,
            "zone_id": "b592c358ba0896b3365d14db9b98d754"
          },
          "sensitive_attributes": [],
          "private": "eyJlMmJmYjczMC1lY2FhLTExZTYtOGY4OC0zNDM2M2JjN2M0YzAiOnsiY3JlYXRlIjozMDAwMDAwMDAwMCwidXBkYXRlIjozMDAwMDAwMDAwMH0sInNjaGVtYV92ZXJzaW9uIjoiMyJ9"
        }
      ]
    },
    {
      "mode": "managed",
      "type": "cloudflare_record",
      "name": "staging_api",
      "provider": "provider[\"registry.terraform.io/cloudflare/cloudflare\"]",
      "instances": [
        {
          "schema_version": 3,
          "attributes": {
            "allow_overwrite": true,
            "comment": "",
            "content": "go-api-staging.fly.dev",
            "created_on": "2025-07-13T08:19:52.039148Z",
            "data": [],
            "hostname": "api.staging.demoapi.biz",
            "id": "7dfb9fca4b34322e2888101f2719db20",
            "metadata": {},
            "modified_on": "2025-07-13T09:16:37.219283Z",
            "name": "api.staging",
            "priority": null,
            "proxiable": true,
            "proxied": false,
            "tags": null,
            "timeouts": null,
            "ttl": 120,
            "type": "CNAME",
            "value": null,
            "zone_id": "b592c358ba0896b3365d14db9b98d754"
          },
          "sensitive_attributes": [],
          "private": "eyJlMmJmYjczMC1lY2FhLTExZTYtOGY4OC0zNDM2M2JjN2M0YzAiOnsiY3JlYXRlIjozMDAwMDAwMDAwMCwidXBkYXRlIjozMDAwMDAwMDAwMH0sInNjaGVtYV92ZXJzaW9uIjoiMyJ9"
        }
      ]
    }
  ],
  "check_results": null
}
